
Microsoft Visual Studio Solution File, Format Version 12.00
# Visual Studio Version 17
VisualStudioVersion = 17.11.35219.272
MinimumVisualStudioVersion = 10.0.40219.1
Project("{9A19103F-16F7-4668-BE54-9A1E7A4F7556}") = "Ejercicio_01", "Ejercicio_01\Ejercicio_01.csproj", "{79747319-AA73-41A4-835F-8E21AD6E80CE}"
EndProject
Project("{9A19103F-16F7-4668-BE54-9A1E7A4F7556}") = "Ejercicio_02", "Ejercicio_02\Ejercicio_02.csproj", "{A482A259-566E-4B3B-9110-4046E3FA0104}"
EndProject
Project("{9A19103F-16F7-4668-BE54-9A1E7A4F7556}") = "Ejercicio_03", "Ejercicio_03\Ejercicio_03.csproj", "{156666BC-4C14-4DD7-BED3-9871651E78C4}"
EndProject
Project("{9A19103F-16F7-4668-BE54-9A1E7A4F7556}") = "Ejercicio_04", "Ejercicio_04\Ejercicio_04.csproj", "{96F7C9F4-8662-4725-803A-4387238A3D6C}"
EndProject
Project("{9A19103F-16F7-4668-BE54-9A1E7A4F7556}") = "Ejercicio_05", "Ejercicio_05\Ejercicio_05.csproj", "{14CD54C4-64E5-43F1-A8C1-9A4E1CAC423A}"
EndProject
Project("{9A19103F-16F7-4668-BE54-9A1E7A4F7556}") = "Ejercicio_06", "Ejercicio_06\Ejercicio_06.csproj", "{D67F7B13-4F93-4683-A3D2-0B29DAEC67ED}"
EndProject
Project("{9A19103F-16F7-4668-BE54-9A1E7A4F7556}") = "Ejercicio_07", "Ejercicio_07\Ejercicio_07.csproj", "{C8224484-69A9-47E0-9442-79245BDD2EFC}"
EndProject
Project("{9A19103F-16F7-4668-BE54-9A1E7A4F7556}") = "Ejercicio_08", "Ejercicio_08\Ejercicio_08.csproj", "{51AAB9C3-D4E6-43D1-B443-7C7609F10D3E}"
EndProject
Project("{9A19103F-16F7-4668-BE54-9A1E7A4F7556}") = "Ejercicio_09", "Ejercicio_09\Ejercicio_09.csproj", "{AB0F1DE3-167C-4BDE-8EF3-5D12C67F4584}"
EndProject
Project("{9A19103F-16F7-4668-BE54-9A1E7A4F7556}") = "Ejercicio_08_PerimetrosAreas", "Ejercicio_08_Perimetros\Ejercicio_08_PerimetrosAreas.csproj", "{8C6AC21D-709F-46E2-9D0D-FAA7BD5F66CB}"
EndProject
Project("{9A19103F-16F7-4668-BE54-9A1E7A4F7556}") = "Ejercicio_01Funciones", "Ejercicio_01Funciones\Ejercicio_01Funciones.csproj", "{B38CE537-F2CE-4366-A23A-A85FBC705870}"
EndProject
Project("{9A19103F-16F7-4668-BE54-9A1E7A4F7556}") = "Ejercicio_02Funciones", "Ejercicio_02Funciones\Ejercicio_02Funciones.csproj", "{D1EB888F-E426-45FC-A5EB-24372875BF6C}"
EndProject
Project("{9A19103F-16F7-4668-BE54-9A1E7A4F7556}") = "Ejercicio_03Funciones", "Ejercicio_03Funciones\Ejercicio_03Funciones.csproj", "{6900F8AE-BCB3-4F9F-8FFF-5973A56C5D40}"
EndProject
Project("{9A19103F-16F7-4668-BE54-9A1E7A4F7556}") = "Ejercicio_04Funciones", "Ejercicio_04Funciones\Ejercicio_04Funciones.csproj", "{DC4C56A6-D181-4980-BD9F-59DD01248627}"
EndProject
Project("{9A19103F-16F7-4668-BE54-9A1E7A4F7556}") = "Ejercicio_05Funciones", "Ejercicio_05Funciones\Ejercicio_05Funciones.csproj", "{4A45D66D-79AE-4E51-A801-0C5C0C52D4CD}"
EndProject
Project("{9A19103F-16F7-4668-BE54-9A1E7A4F7556}") = "Ejercicio_06Funciones", "Ejercicio_06Funciones\Ejercicio_06Funciones.csproj", "{09D61EC8-CFEF-4694-93D2-BE355EAA7934}"
EndProject
Project("{9A19103F-16F7-4668-BE54-9A1E7A4F7556}") = "TP_Boligrafo_clase", "TP_Boligrafo_clase\TP_Boligrafo_clase.csproj", "{6FAAD1AC-3E3C-45B8-B57B-CC5E2041176E}"
EndProject
Project("{9A19103F-16F7-4668-BE54-9A1E7A4F7556}") = "Biblioteca_Boligrafo", "Biblioteca_Boligrafo\Biblioteca_Boligrafo.csproj", "{DD0E5870-1612-48C5-AE43-C68BE685EDF5}"
EndProject
Project("{9A19103F-16F7-4668-BE54-9A1E7A4F7556}") = "BibliotecaEstudiante", "BibliotecaEstudiante\BibliotecaEstudiante.csproj", "{AFB7D4E1-B117-4E4D-ABFB-BF090AFF05E6}"
EndProject
Project("{9A19103F-16F7-4668-BE54-9A1E7A4F7556}") = "TesteoEstudiante01", "TesteoEstudiante01\TesteoEstudiante01.csproj", "{FA3B2F86-2F05-4D79-BF79-AF0D1574807F}"
EndProject
Project("{9A19103F-16F7-4668-BE54-9A1E7A4F7556}") = "BibliotecaEstudiante2", "BibliotecaEstudiante2\BibliotecaEstudiante2.csproj", "{4DE462C2-1CC5-4B89-A080-0F60A92052E8}"
EndProject
Project("{9A19103F-16F7-4668-BE54-9A1E7A4F7556}") = "TesteoEstudiante2", "TesteoEstudiante2\TesteoEstudiante2.csproj", "{578C6FF3-309C-44ED-930D-357719602FDD}"
EndProject
Project("{9A19103F-16F7-4668-BE54-9A1E7A4F7556}") = "Ejercicio_01Vectores", "Ejercicio_01Vectores\Ejercicio_01Vectores.csproj", "{27E896C8-9381-41D4-8C70-3871948318A8}"
EndProject
Project("{9A19103F-16F7-4668-BE54-9A1E7A4F7556}") = "Ejercicio_02Vectores", "Ejercicio_02Vectores\Ejercicio_02Vectores.csproj", "{7997444A-D540-4DF0-AD54-B2D947F2E457}"
EndProject
Project("{9A19103F-16F7-4668-BE54-9A1E7A4F7556}") = "Ejercicio_03Vectores", "Ejercicio_03Vectores\Ejercicio_03Vectores.csproj", "{CC62061C-983C-46B6-A2F5-1219D8C8A563}"
EndProject
Project("{9A19103F-16F7-4668-BE54-9A1E7A4F7556}") = "Ejercicio_04Vectores", "Ejercicio_04Vectores\Ejercicio_04Vectores.csproj", "{6AFB509E-DE40-4F0C-954F-1B00C99843B4}"
EndProject
Project("{9A19103F-16F7-4668-BE54-9A1E7A4F7556}") = "Ejercicio_05Vectores", "Ejercicio_05Vectores\Ejercicio_05Vectores.csproj", "{266EA6D4-BA3F-4EF7-AD2D-2DB48545AA68}"
EndProject
Project("{9A19103F-16F7-4668-BE54-9A1E7A4F7556}") = "Ejercicio_06Vectores", "Ejercicio_06Vectores\Ejercicio_06Vectores.csproj", "{D6693EB4-A4F2-4DDF-983B-2A157D0918BA}"
EndProject
Project("{9A19103F-16F7-4668-BE54-9A1E7A4F7556}") = "Ejercicio_07Vectores", "Ejercicio_07Vectores\Ejercicio_07Vectores.csproj", "{600D4CDB-FFE6-4888-A9C5-CAD4517BDEE8}"
EndProject
Project("{9A19103F-16F7-4668-BE54-9A1E7A4F7556}") = "Examen2", "Examen2\Examen2.csproj", "{05BAC189-F741-49E4-8F7F-D5F56A0FA17A}"
EndProject
Project("{9A19103F-16F7-4668-BE54-9A1E7A4F7556}") = "BibliotecaDeVectores", "BibliotecaDeVectores\BibliotecaDeVectores.csproj", "{EB2C888A-8D2F-4920-995A-2F8BEA5344F7}"
EndProject
Project("{9A19103F-16F7-4668-BE54-9A1E7A4F7556}") = "Examen1", "Examen1\Examen1.csproj", "{CE11E3F4-1915-4EFC-8CC9-6CCD17636F86}"
EndProject
Project("{9A19103F-16F7-4668-BE54-9A1E7A4F7556}") = "BibliotecaDeLinternas", "BibliotecaDeLinternas\BibliotecaDeLinternas.csproj", "{F721A925-4A42-4CF2-B608-6899E85EE23E}"
EndProject
Project("{9A19103F-16F7-4668-BE54-9A1E7A4F7556}") = "Ejericicio_01Listas", "Ejericicio_01Listas\Ejericicio_01Listas.csproj", "{7F4A888E-D72B-46E2-9581-8EAC1CA93D31}"
EndProject
Project("{9A19103F-16F7-4668-BE54-9A1E7A4F7556}") = "BibliotecaPersonas", "BibliotecaPersonas\BibliotecaPersonas.csproj", "{08AC8E18-DA1C-49B6-BF45-6C40B8E59410}"
EndProject
Project("{9A19103F-16F7-4668-BE54-9A1E7A4F7556}") = "Ejercicios_ListasMetodos", "Ejercicios_ListasMetodos\Ejercicios_ListasMetodos.csproj", "{F3AA4799-57E8-4A8B-BDB8-ACF343C2B8E4}"
EndProject
Project("{9A19103F-16F7-4668-BE54-9A1E7A4F7556}") = "Ejercicios_Diccionarios", "Ejercicios_Diccionarios\Ejercicios_Diccionarios.csproj", "{65C13A81-B6DE-4070-8867-793B1937D745}"
EndProject
Project("{9A19103F-16F7-4668-BE54-9A1E7A4F7556}") = "Ejercicio_01Sobrecargas", "Ejercicio_01Sobrecargas\Ejercicio_01Sobrecargas.csproj", "{9E993E56-E2FF-4261-B2B6-1D23144C58F5}"
EndProject
Project("{9A19103F-16F7-4668-BE54-9A1E7A4F7556}") = "BibliotecaDeProductos", "BibliotecaDeProductos\BibliotecaDeProductos.csproj", "{938BF4E9-A0D3-4B88-883B-4117033F0957}"
EndProject
Project("{9A19103F-16F7-4668-BE54-9A1E7A4F7556}") = "Testeo_TP", "Testeo_TP\Testeo_TP.csproj", "{EAF52956-9B86-474D-8FA0-B583C0041124}"
EndProject
Project("{FAE04EC0-301F-11D3-BF4B-00C04F79EFBC}") = "BibliotecaDeLibros", "BibliotecaDeLibros\BibliotecaDeLibros.csproj", "{E743C75F-65C3-4EE6-B56F-7A767FF1A909}"
EndProject
Project("{FAE04EC0-301F-11D3-BF4B-00C04F79EFBC}") = "ModeloExamen_Pasajeros", "ModeloExamen_Pasajeros\ModeloExamen_Pasajeros.csproj", "{DBB836ED-A167-475E-94F3-E04D2BA9E400}"
EndProject
Project("{FAE04EC0-301F-11D3-BF4B-00C04F79EFBC}") = "BibliotecaDePasajeros_Modelo", "BibliotecaDePasajeros_Modelo\BibliotecaDePasajeros_Modelo.csproj", "{BC3E789C-203E-4013-AEE0-7D8389B92ED1}"
EndProject
Project("{FAE04EC0-301F-11D3-BF4B-00C04F79EFBC}") = "TesteoTP_PH", "TesteoTP_PH\TesteoTP_PH.csproj", "{FE2FAAF1-2454-4F96-9518-BF6C65E0F558}"
EndProject
Project("{FAE04EC0-301F-11D3-BF4B-00C04F79EFBC}") = "BibliotecaDeVehiculos", "BibliotecaDeVehiculos\BibliotecaDeVehiculos.csproj", "{189928EB-3A98-470D-A4EB-0CF7E98249D9}"
EndProject
Project("{FAE04EC0-301F-11D3-BF4B-00C04F79EFBC}") = "FrmCalculadora", "FrmCalculadora\FrmCalculadora.csproj", "{B985D2BB-F7F5-48DF-AD2A-B30E564DC510}"
EndProject
Global
	GlobalSection(SolutionConfigurationPlatforms) = preSolution
		Debug|Any CPU = Debug|Any CPU
		Release|Any CPU = Release|Any CPU
	EndGlobalSection
	GlobalSection(ProjectConfigurationPlatforms) = postSolution
		{79747319-AA73-41A4-835F-8E21AD6E80CE}.Debug|Any CPU.ActiveCfg = Debug|Any CPU
		{79747319-AA73-41A4-835F-8E21AD6E80CE}.Debug|Any CPU.Build.0 = Debug|Any CPU
		{79747319-AA73-41A4-835F-8E21AD6E80CE}.Release|Any CPU.ActiveCfg = Release|Any CPU
		{79747319-AA73-41A4-835F-8E21AD6E80CE}.Release|Any CPU.Build.0 = Release|Any CPU
		{A482A259-566E-4B3B-9110-4046E3FA0104}.Debug|Any CPU.ActiveCfg = Debug|Any CPU
		{A482A259-566E-4B3B-9110-4046E3FA0104}.Debug|Any CPU.Build.0 = Debug|Any CPU
		{A482A259-566E-4B3B-9110-4046E3FA0104}.Release|Any CPU.ActiveCfg = Release|Any CPU
		{A482A259-566E-4B3B-9110-4046E3FA0104}.Release|Any CPU.Build.0 = Release|Any CPU
		{156666BC-4C14-4DD7-BED3-9871651E78C4}.Debug|Any CPU.ActiveCfg = Debug|Any CPU
		{156666BC-4C14-4DD7-BED3-9871651E78C4}.Debug|Any CPU.Build.0 = Debug|Any CPU
		{156666BC-4C14-4DD7-BED3-9871651E78C4}.Release|Any CPU.ActiveCfg = Release|Any CPU
		{156666BC-4C14-4DD7-BED3-9871651E78C4}.Release|Any CPU.Build.0 = Release|Any CPU
		{96F7C9F4-8662-4725-803A-4387238A3D6C}.Debug|Any CPU.ActiveCfg = Debug|Any CPU
		{96F7C9F4-8662-4725-803A-4387238A3D6C}.Debug|Any CPU.Build.0 = Debug|Any CPU
		{96F7C9F4-8662-4725-803A-4387238A3D6C}.Release|Any CPU.ActiveCfg = Release|Any CPU
		{96F7C9F4-8662-4725-803A-4387238A3D6C}.Release|Any CPU.Build.0 = Release|Any CPU
		{14CD54C4-64E5-43F1-A8C1-9A4E1CAC423A}.Debug|Any CPU.ActiveCfg = Debug|Any CPU
		{14CD54C4-64E5-43F1-A8C1-9A4E1CAC423A}.Debug|Any CPU.Build.0 = Debug|Any CPU
		{14CD54C4-64E5-43F1-A8C1-9A4E1CAC423A}.Release|Any CPU.ActiveCfg = Release|Any CPU
		{14CD54C4-64E5-43F1-A8C1-9A4E1CAC423A}.Release|Any CPU.Build.0 = Release|Any CPU
		{D67F7B13-4F93-4683-A3D2-0B29DAEC67ED}.Debug|Any CPU.ActiveCfg = Debug|Any CPU
		{D67F7B13-4F93-4683-A3D2-0B29DAEC67ED}.Debug|Any CPU.Build.0 = Debug|Any CPU
		{D67F7B13-4F93-4683-A3D2-0B29DAEC67ED}.Release|Any CPU.ActiveCfg = Release|Any CPU
		{D67F7B13-4F93-4683-A3D2-0B29DAEC67ED}.Release|Any CPU.Build.0 = Release|Any CPU
		{C8224484-69A9-47E0-9442-79245BDD2EFC}.Debug|Any CPU.ActiveCfg = Debug|Any CPU
		{C8224484-69A9-47E0-9442-79245BDD2EFC}.Debug|Any CPU.Build.0 = Debug|Any CPU
		{C8224484-69A9-47E0-9442-79245BDD2EFC}.Release|Any CPU.ActiveCfg = Release|Any CPU
		{C8224484-69A9-47E0-9442-79245BDD2EFC}.Release|Any CPU.Build.0 = Release|Any CPU
		{51AAB9C3-D4E6-43D1-B443-7C7609F10D3E}.Debug|Any CPU.ActiveCfg = Debug|Any CPU
		{51AAB9C3-D4E6-43D1-B443-7C7609F10D3E}.Debug|Any CPU.Build.0 = Debug|Any CPU
		{51AAB9C3-D4E6-43D1-B443-7C7609F10D3E}.Release|Any CPU.ActiveCfg = Release|Any CPU
		{51AAB9C3-D4E6-43D1-B443-7C7609F10D3E}.Release|Any CPU.Build.0 = Release|Any CPU
		{AB0F1DE3-167C-4BDE-8EF3-5D12C67F4584}.Debug|Any CPU.ActiveCfg = Debug|Any CPU
		{AB0F1DE3-167C-4BDE-8EF3-5D12C67F4584}.Debug|Any CPU.Build.0 = Debug|Any CPU
		{AB0F1DE3-167C-4BDE-8EF3-5D12C67F4584}.Release|Any CPU.ActiveCfg = Release|Any CPU
		{AB0F1DE3-167C-4BDE-8EF3-5D12C67F4584}.Release|Any CPU.Build.0 = Release|Any CPU
		{8C6AC21D-709F-46E2-9D0D-FAA7BD5F66CB}.Debug|Any CPU.ActiveCfg = Debug|Any CPU
		{8C6AC21D-709F-46E2-9D0D-FAA7BD5F66CB}.Debug|Any CPU.Build.0 = Debug|Any CPU
		{8C6AC21D-709F-46E2-9D0D-FAA7BD5F66CB}.Release|Any CPU.ActiveCfg = Release|Any CPU
		{8C6AC21D-709F-46E2-9D0D-FAA7BD5F66CB}.Release|Any CPU.Build.0 = Release|Any CPU
		{B38CE537-F2CE-4366-A23A-A85FBC705870}.Debug|Any CPU.ActiveCfg = Debug|Any CPU
		{B38CE537-F2CE-4366-A23A-A85FBC705870}.Debug|Any CPU.Build.0 = Debug|Any CPU
		{B38CE537-F2CE-4366-A23A-A85FBC705870}.Release|Any CPU.ActiveCfg = Release|Any CPU
		{B38CE537-F2CE-4366-A23A-A85FBC705870}.Release|Any CPU.Build.0 = Release|Any CPU
		{D1EB888F-E426-45FC-A5EB-24372875BF6C}.Debug|Any CPU.ActiveCfg = Debug|Any CPU
		{D1EB888F-E426-45FC-A5EB-24372875BF6C}.Debug|Any CPU.Build.0 = Debug|Any CPU
		{D1EB888F-E426-45FC-A5EB-24372875BF6C}.Release|Any CPU.ActiveCfg = Release|Any CPU
		{D1EB888F-E426-45FC-A5EB-24372875BF6C}.Release|Any CPU.Build.0 = Release|Any CPU
		{6900F8AE-BCB3-4F9F-8FFF-5973A56C5D40}.Debug|Any CPU.ActiveCfg = Debug|Any CPU
		{6900F8AE-BCB3-4F9F-8FFF-5973A56C5D40}.Debug|Any CPU.Build.0 = Debug|Any CPU
		{6900F8AE-BCB3-4F9F-8FFF-5973A56C5D40}.Release|Any CPU.ActiveCfg = Release|Any CPU
		{6900F8AE-BCB3-4F9F-8FFF-5973A56C5D40}.Release|Any CPU.Build.0 = Release|Any CPU
		{DC4C56A6-D181-4980-BD9F-59DD01248627}.Debug|Any CPU.ActiveCfg = Debug|Any CPU
		{DC4C56A6-D181-4980-BD9F-59DD01248627}.Debug|Any CPU.Build.0 = Debug|Any CPU
		{DC4C56A6-D181-4980-BD9F-59DD01248627}.Release|Any CPU.ActiveCfg = Release|Any CPU
		{DC4C56A6-D181-4980-BD9F-59DD01248627}.Release|Any CPU.Build.0 = Release|Any CPU
		{4A45D66D-79AE-4E51-A801-0C5C0C52D4CD}.Debug|Any CPU.ActiveCfg = Debug|Any CPU
		{4A45D66D-79AE-4E51-A801-0C5C0C52D4CD}.Debug|Any CPU.Build.0 = Debug|Any CPU
		{4A45D66D-79AE-4E51-A801-0C5C0C52D4CD}.Release|Any CPU.ActiveCfg = Release|Any CPU
		{4A45D66D-79AE-4E51-A801-0C5C0C52D4CD}.Release|Any CPU.Build.0 = Release|Any CPU
		{09D61EC8-CFEF-4694-93D2-BE355EAA7934}.Debug|Any CPU.ActiveCfg = Debug|Any CPU
		{09D61EC8-CFEF-4694-93D2-BE355EAA7934}.Debug|Any CPU.Build.0 = Debug|Any CPU
		{09D61EC8-CFEF-4694-93D2-BE355EAA7934}.Release|Any CPU.ActiveCfg = Release|Any CPU
		{09D61EC8-CFEF-4694-93D2-BE355EAA7934}.Release|Any CPU.Build.0 = Release|Any CPU
		{6FAAD1AC-3E3C-45B8-B57B-CC5E2041176E}.Debug|Any CPU.ActiveCfg = Debug|Any CPU
		{6FAAD1AC-3E3C-45B8-B57B-CC5E2041176E}.Debug|Any CPU.Build.0 = Debug|Any CPU
		{6FAAD1AC-3E3C-45B8-B57B-CC5E2041176E}.Release|Any CPU.ActiveCfg = Release|Any CPU
		{6FAAD1AC-3E3C-45B8-B57B-CC5E2041176E}.Release|Any CPU.Build.0 = Release|Any CPU
		{DD0E5870-1612-48C5-AE43-C68BE685EDF5}.Debug|Any CPU.ActiveCfg = Debug|Any CPU
		{DD0E5870-1612-48C5-AE43-C68BE685EDF5}.Debug|Any CPU.Build.0 = Debug|Any CPU
		{DD0E5870-1612-48C5-AE43-C68BE685EDF5}.Release|Any CPU.ActiveCfg = Release|Any CPU
		{DD0E5870-1612-48C5-AE43-C68BE685EDF5}.Release|Any CPU.Build.0 = Release|Any CPU
		{AFB7D4E1-B117-4E4D-ABFB-BF090AFF05E6}.Debug|Any CPU.ActiveCfg = Debug|Any CPU
		{AFB7D4E1-B117-4E4D-ABFB-BF090AFF05E6}.Debug|Any CPU.Build.0 = Debug|Any CPU
		{AFB7D4E1-B117-4E4D-ABFB-BF090AFF05E6}.Release|Any CPU.ActiveCfg = Release|Any CPU
		{AFB7D4E1-B117-4E4D-ABFB-BF090AFF05E6}.Release|Any CPU.Build.0 = Release|Any CPU
		{FA3B2F86-2F05-4D79-BF79-AF0D1574807F}.Debug|Any CPU.ActiveCfg = Debug|Any CPU
		{FA3B2F86-2F05-4D79-BF79-AF0D1574807F}.Debug|Any CPU.Build.0 = Debug|Any CPU
		{FA3B2F86-2F05-4D79-BF79-AF0D1574807F}.Release|Any CPU.ActiveCfg = Release|Any CPU
		{FA3B2F86-2F05-4D79-BF79-AF0D1574807F}.Release|Any CPU.Build.0 = Release|Any CPU
		{4DE462C2-1CC5-4B89-A080-0F60A92052E8}.Debug|Any CPU.ActiveCfg = Debug|Any CPU
		{4DE462C2-1CC5-4B89-A080-0F60A92052E8}.Debug|Any CPU.Build.0 = Debug|Any CPU
		{4DE462C2-1CC5-4B89-A080-0F60A92052E8}.Release|Any CPU.ActiveCfg = Release|Any CPU
		{4DE462C2-1CC5-4B89-A080-0F60A92052E8}.Release|Any CPU.Build.0 = Release|Any CPU
		{578C6FF3-309C-44ED-930D-357719602FDD}.Debug|Any CPU.ActiveCfg = Debug|Any CPU
		{578C6FF3-309C-44ED-930D-357719602FDD}.Debug|Any CPU.Build.0 = Debug|Any CPU
		{578C6FF3-309C-44ED-930D-357719602FDD}.Release|Any CPU.ActiveCfg = Release|Any CPU
		{578C6FF3-309C-44ED-930D-357719602FDD}.Release|Any CPU.Build.0 = Release|Any CPU
		{27E896C8-9381-41D4-8C70-3871948318A8}.Debug|Any CPU.ActiveCfg = Debug|Any CPU
		{27E896C8-9381-41D4-8C70-3871948318A8}.Debug|Any CPU.Build.0 = Debug|Any CPU
		{27E896C8-9381-41D4-8C70-3871948318A8}.Release|Any CPU.ActiveCfg = Release|Any CPU
		{27E896C8-9381-41D4-8C70-3871948318A8}.Release|Any CPU.Build.0 = Release|Any CPU
		{7997444A-D540-4DF0-AD54-B2D947F2E457}.Debug|Any CPU.ActiveCfg = Debug|Any CPU
		{7997444A-D540-4DF0-AD54-B2D947F2E457}.Debug|Any CPU.Build.0 = Debug|Any CPU
		{7997444A-D540-4DF0-AD54-B2D947F2E457}.Release|Any CPU.ActiveCfg = Release|Any CPU
		{7997444A-D540-4DF0-AD54-B2D947F2E457}.Release|Any CPU.Build.0 = Release|Any CPU
		{CC62061C-983C-46B6-A2F5-1219D8C8A563}.Debug|Any CPU.ActiveCfg = Debug|Any CPU
		{CC62061C-983C-46B6-A2F5-1219D8C8A563}.Debug|Any CPU.Build.0 = Debug|Any CPU
		{CC62061C-983C-46B6-A2F5-1219D8C8A563}.Release|Any CPU.ActiveCfg = Release|Any CPU
		{CC62061C-983C-46B6-A2F5-1219D8C8A563}.Release|Any CPU.Build.0 = Release|Any CPU
		{6AFB509E-DE40-4F0C-954F-1B00C99843B4}.Debug|Any CPU.ActiveCfg = Debug|Any CPU
		{6AFB509E-DE40-4F0C-954F-1B00C99843B4}.Debug|Any CPU.Build.0 = Debug|Any CPU
		{6AFB509E-DE40-4F0C-954F-1B00C99843B4}.Release|Any CPU.ActiveCfg = Release|Any CPU
		{6AFB509E-DE40-4F0C-954F-1B00C99843B4}.Release|Any CPU.Build.0 = Release|Any CPU
		{266EA6D4-BA3F-4EF7-AD2D-2DB48545AA68}.Debug|Any CPU.ActiveCfg = Debug|Any CPU
		{266EA6D4-BA3F-4EF7-AD2D-2DB48545AA68}.Debug|Any CPU.Build.0 = Debug|Any CPU
		{266EA6D4-BA3F-4EF7-AD2D-2DB48545AA68}.Release|Any CPU.ActiveCfg = Release|Any CPU
		{266EA6D4-BA3F-4EF7-AD2D-2DB48545AA68}.Release|Any CPU.Build.0 = Release|Any CPU
		{D6693EB4-A4F2-4DDF-983B-2A157D0918BA}.Debug|Any CPU.ActiveCfg = Debug|Any CPU
		{D6693EB4-A4F2-4DDF-983B-2A157D0918BA}.Debug|Any CPU.Build.0 = Debug|Any CPU
		{D6693EB4-A4F2-4DDF-983B-2A157D0918BA}.Release|Any CPU.ActiveCfg = Release|Any CPU
		{D6693EB4-A4F2-4DDF-983B-2A157D0918BA}.Release|Any CPU.Build.0 = Release|Any CPU
		{600D4CDB-FFE6-4888-A9C5-CAD4517BDEE8}.Debug|Any CPU.ActiveCfg = Debug|Any CPU
		{600D4CDB-FFE6-4888-A9C5-CAD4517BDEE8}.Debug|Any CPU.Build.0 = Debug|Any CPU
		{600D4CDB-FFE6-4888-A9C5-CAD4517BDEE8}.Release|Any CPU.ActiveCfg = Release|Any CPU
		{600D4CDB-FFE6-4888-A9C5-CAD4517BDEE8}.Release|Any CPU.Build.0 = Release|Any CPU
		{05BAC189-F741-49E4-8F7F-D5F56A0FA17A}.Debug|Any CPU.ActiveCfg = Debug|Any CPU
		{05BAC189-F741-49E4-8F7F-D5F56A0FA17A}.Debug|Any CPU.Build.0 = Debug|Any CPU
		{05BAC189-F741-49E4-8F7F-D5F56A0FA17A}.Release|Any CPU.ActiveCfg = Release|Any CPU
		{05BAC189-F741-49E4-8F7F-D5F56A0FA17A}.Release|Any CPU.Build.0 = Release|Any CPU
		{EB2C888A-8D2F-4920-995A-2F8BEA5344F7}.Debug|Any CPU.ActiveCfg = Debug|Any CPU
		{EB2C888A-8D2F-4920-995A-2F8BEA5344F7}.Debug|Any CPU.Build.0 = Debug|Any CPU
		{EB2C888A-8D2F-4920-995A-2F8BEA5344F7}.Release|Any CPU.ActiveCfg = Release|Any CPU
		{EB2C888A-8D2F-4920-995A-2F8BEA5344F7}.Release|Any CPU.Build.0 = Release|Any CPU
		{CE11E3F4-1915-4EFC-8CC9-6CCD17636F86}.Debug|Any CPU.ActiveCfg = Debug|Any CPU
		{CE11E3F4-1915-4EFC-8CC9-6CCD17636F86}.Debug|Any CPU.Build.0 = Debug|Any CPU
		{CE11E3F4-1915-4EFC-8CC9-6CCD17636F86}.Release|Any CPU.ActiveCfg = Release|Any CPU
		{CE11E3F4-1915-4EFC-8CC9-6CCD17636F86}.Release|Any CPU.Build.0 = Release|Any CPU
		{F721A925-4A42-4CF2-B608-6899E85EE23E}.Debug|Any CPU.ActiveCfg = Debug|Any CPU
		{F721A925-4A42-4CF2-B608-6899E85EE23E}.Debug|Any CPU.Build.0 = Debug|Any CPU
		{F721A925-4A42-4CF2-B608-6899E85EE23E}.Release|Any CPU.ActiveCfg = Release|Any CPU
		{F721A925-4A42-4CF2-B608-6899E85EE23E}.Release|Any CPU.Build.0 = Release|Any CPU
		{7F4A888E-D72B-46E2-9581-8EAC1CA93D31}.Debug|Any CPU.ActiveCfg = Debug|Any CPU
		{7F4A888E-D72B-46E2-9581-8EAC1CA93D31}.Debug|Any CPU.Build.0 = Debug|Any CPU
		{7F4A888E-D72B-46E2-9581-8EAC1CA93D31}.Release|Any CPU.ActiveCfg = Release|Any CPU
		{7F4A888E-D72B-46E2-9581-8EAC1CA93D31}.Release|Any CPU.Build.0 = Release|Any CPU
		{08AC8E18-DA1C-49B6-BF45-6C40B8E59410}.Debug|Any CPU.ActiveCfg = Debug|Any CPU
		{08AC8E18-DA1C-49B6-BF45-6C40B8E59410}.Debug|Any CPU.Build.0 = Debug|Any CPU
		{08AC8E18-DA1C-49B6-BF45-6C40B8E59410}.Release|Any CPU.ActiveCfg = Release|Any CPU
		{08AC8E18-DA1C-49B6-BF45-6C40B8E59410}.Release|Any CPU.Build.0 = Release|Any CPU
		{F3AA4799-57E8-4A8B-BDB8-ACF343C2B8E4}.Debug|Any CPU.ActiveCfg = Debug|Any CPU
		{F3AA4799-57E8-4A8B-BDB8-ACF343C2B8E4}.Debug|Any CPU.Build.0 = Debug|Any CPU
		{F3AA4799-57E8-4A8B-BDB8-ACF343C2B8E4}.Release|Any CPU.ActiveCfg = Release|Any CPU
		{F3AA4799-57E8-4A8B-BDB8-ACF343C2B8E4}.Release|Any CPU.Build.0 = Release|Any CPU
		{65C13A81-B6DE-4070-8867-793B1937D745}.Debug|Any CPU.ActiveCfg = Debug|Any CPU
		{65C13A81-B6DE-4070-8867-793B1937D745}.Debug|Any CPU.Build.0 = Debug|Any CPU
		{65C13A81-B6DE-4070-8867-793B1937D745}.Release|Any CPU.ActiveCfg = Release|Any CPU
		{65C13A81-B6DE-4070-8867-793B1937D745}.Release|Any CPU.Build.0 = Release|Any CPU
		{9E993E56-E2FF-4261-B2B6-1D23144C58F5}.Debug|Any CPU.ActiveCfg = Debug|Any CPU
		{9E993E56-E2FF-4261-B2B6-1D23144C58F5}.Debug|Any CPU.Build.0 = Debug|Any CPU
		{9E993E56-E2FF-4261-B2B6-1D23144C58F5}.Release|Any CPU.ActiveCfg = Release|Any CPU
		{9E993E56-E2FF-4261-B2B6-1D23144C58F5}.Release|Any CPU.Build.0 = Release|Any CPU
		{938BF4E9-A0D3-4B88-883B-4117033F0957}.Debug|Any CPU.ActiveCfg = Debug|Any CPU
		{938BF4E9-A0D3-4B88-883B-4117033F0957}.Debug|Any CPU.Build.0 = Debug|Any CPU
		{938BF4E9-A0D3-4B88-883B-4117033F0957}.Release|Any CPU.ActiveCfg = Release|Any CPU
		{938BF4E9-A0D3-4B88-883B-4117033F0957}.Release|Any CPU.Build.0 = Release|Any CPU
		{EAF52956-9B86-474D-8FA0-B583C0041124}.Debug|Any CPU.ActiveCfg = Debug|Any CPU
		{EAF52956-9B86-474D-8FA0-B583C0041124}.Debug|Any CPU.Build.0 = Debug|Any CPU
		{EAF52956-9B86-474D-8FA0-B583C0041124}.Release|Any CPU.ActiveCfg = Release|Any CPU
		{EAF52956-9B86-474D-8FA0-B583C0041124}.Release|Any CPU.Build.0 = Release|Any CPU
		{E743C75F-65C3-4EE6-B56F-7A767FF1A909}.Debug|Any CPU.ActiveCfg = Debug|Any CPU
		{E743C75F-65C3-4EE6-B56F-7A767FF1A909}.Debug|Any CPU.Build.0 = Debug|Any CPU
		{E743C75F-65C3-4EE6-B56F-7A767FF1A909}.Release|Any CPU.ActiveCfg = Release|Any CPU
		{E743C75F-65C3-4EE6-B56F-7A767FF1A909}.Release|Any CPU.Build.0 = Release|Any CPU
		{DBB836ED-A167-475E-94F3-E04D2BA9E400}.Debug|Any CPU.ActiveCfg = Debug|Any CPU
		{DBB836ED-A167-475E-94F3-E04D2BA9E400}.Debug|Any CPU.Build.0 = Debug|Any CPU
		{DBB836ED-A167-475E-94F3-E04D2BA9E400}.Release|Any CPU.ActiveCfg = Release|Any CPU
		{DBB836ED-A167-475E-94F3-E04D2BA9E400}.Release|Any CPU.Build.0 = Release|Any CPU
		{BC3E789C-203E-4013-AEE0-7D8389B92ED1}.Debug|Any CPU.ActiveCfg = Debug|Any CPU
		{BC3E789C-203E-4013-AEE0-7D8389B92ED1}.Debug|Any CPU.Build.0 = Debug|Any CPU
		{BC3E789C-203E-4013-AEE0-7D8389B92ED1}.Release|Any CPU.ActiveCfg = Release|Any CPU
		{BC3E789C-203E-4013-AEE0-7D8389B92ED1}.Release|Any CPU.Build.0 = Release|Any CPU
		{FE2FAAF1-2454-4F96-9518-BF6C65E0F558}.Debug|Any CPU.ActiveCfg = Debug|Any CPU
		{FE2FAAF1-2454-4F96-9518-BF6C65E0F558}.Debug|Any CPU.Build.0 = Debug|Any CPU
		{FE2FAAF1-2454-4F96-9518-BF6C65E0F558}.Release|Any CPU.ActiveCfg = Release|Any CPU
		{FE2FAAF1-2454-4F96-9518-BF6C65E0F558}.Release|Any CPU.Build.0 = Release|Any CPU
		{189928EB-3A98-470D-A4EB-0CF7E98249D9}.Debug|Any CPU.ActiveCfg = Debug|Any CPU
		{189928EB-3A98-470D-A4EB-0CF7E98249D9}.Debug|Any CPU.Build.0 = Debug|Any CPU
		{189928EB-3A98-470D-A4EB-0CF7E98249D9}.Release|Any CPU.ActiveCfg = Release|Any CPU
		{189928EB-3A98-470D-A4EB-0CF7E98249D9}.Release|Any CPU.Build.0 = Release|Any CPU
		{B985D2BB-F7F5-48DF-AD2A-B30E564DC510}.Debug|Any CPU.ActiveCfg = Debug|Any CPU
		{B985D2BB-F7F5-48DF-AD2A-B30E564DC510}.Debug|Any CPU.Build.0 = Debug|Any CPU
		{B985D2BB-F7F5-48DF-AD2A-B30E564DC510}.Release|Any CPU.ActiveCfg = Release|Any CPU
		{B985D2BB-F7F5-48DF-AD2A-B30E564DC510}.Release|Any CPU.Build.0 = Release|Any CPU
	EndGlobalSection
	GlobalSection(SolutionProperties) = preSolution
		HideSolutionNode = FALSE
	EndGlobalSection
	GlobalSection(ExtensibilityGlobals) = postSolution
		SolutionGuid = {A68EE4DA-C959-4873-B2BF-DF8D5FBD8900}
	EndGlobalSection
EndGlobal
